dependencies:
- name: postgresql
  repository: https://charts.bitnami.com/bitnami
  version: 18.6.2
- name: localstack
  repository: https://helm.localstack.cloud
  version: 0.7.0
- name: rabbitmq
  repository: file://charts/rabbitmq
  version: 0.1.0
- name: airflow
  repository: https://airflow.apache.org
  version: 1.21.0
- name: cert-manager
  repository: https://charts.jetstack.io
  version: v1.20.2
- name: emissary-ingress
  repository: https://app.getambassador.io
  version: 8.12.2
- name: keycloak
  repository: https://charts.bitnami.com/bitnami
  version: 25.2.0
- name: sealed-secrets
  repository: https://bitnami-labs.github.io/sealed-secrets
  version: 2.18.5
- name: treetracker-auth
  repository: file://charts/treetracker-auth
  version: 0.1.0
- name: treetracker-admin-api
  repository: file://charts/treetracker-admin-api
  version: 0.1.0
- name: treetracker-field-data
  repository: file://charts/treetracker-field-data
  version: 0.1.0
- name: treetracker-wallet-api
  repository: file://charts/treetracker-wallet-api
  version: 0.1.0
- name: treetracker-messaging-api
  repository: file://charts/treetracker-messaging-api
  version: 0.1.0
- name: treetracker-stakeholder-api
  repository: file://charts/treetracker-stakeholder-api
  version: 0.1.0
- name: treetracker-reporting
  repository: file://charts/treetracker-reporting
  version: 0.1.0
- name: treetracker-like
  repository: file://charts/treetracker-like
  version: 0.1.0
- name: treetracker-api
  repository: file://charts/treetracker-api
  version: 0.1.0
- name: treetracker-grower-account-query
  repository: file://charts/treetracker-grower-account-query
  version: 0.1.0
- name: images-api
  repository: file://charts/images-api
  version: 0.1.0
- name: treetracker-tile-server
  repository: file://charts/treetracker-tile-server
  version: 0.1.0
- name: treetracker-tile-server-next
  repository: file://charts/treetracker-tile-server-next
  version: 0.1.0
- name: treetracker-denormalization
  repository: file://charts/treetracker-denormalization
  version: 0.1.0
- name: bulk-pack-consumer
  repository: file://charts/bulk-pack-consumer
  version: 0.1.0
- name: bulk-pack-transformer
  repository: file://charts/bulk-pack-transformer
  version: 0.1.0
- name: bulk-pack-transformer-v2
  repository: file://charts/bulk-pack-transformer-v2
  version: 0.1.0
- name: bulk-pack-processor
  repository: file://charts/bulk-pack-processor
  version: 0.1.0
- name: webmap-query-service-consumer
  repository: file://charts/webmap-query-service-consumer
  version: 0.1.0
- name: treetracker-query-api
  repository: file://charts/treetracker-query-api
  version: 0.1.0
- name: postgrest
  repository: file://charts/postgrest
  version: 0.1.0
- name: map-config-api
  repository: file://charts/map-config-api
  version: 0.1.0
- name: treetracker-gateway
  repository: file://charts/treetracker-gateway
  version: 0.1.0
- name: treetracker-admin-client
  repository: file://charts/treetracker-admin-client
  version: 0.1.0
- name: treetracker-wallet-app
  repository: file://charts/treetracker-wallet-app
  version: 0.1.0
- name: treetracker-web-map-client
  repository: file://charts/treetracker-web-map-client
  version: 0.1.0
- name: wallet-monorepo-user-api
  repository: file://charts/wallet-monorepo-user-api
  version: 0.1.0
digest: sha256:760457b80044ada9e5c5902c98a726c360e369ace823e5463d2c346368e5f7f1
generated: "2026-05-31T14:55:58.567398-07:00"
