dependencies:
- name: postgresql
  repository: https://charts.bitnami.com/bitnami
  version: 18.6.2
- name: localstack
  repository: https://helm.localstack.cloud
  version: 0.7.0
- name: rabbitmq
  repository: file://charts/rabbitmq
  version: 0.1.0
- name: airflow
  repository: https://airflow.apache.org
  version: 1.21.0
- name: cert-manager
  repository: https://charts.jetstack.io
  version: v1.20.2
- name: emissary-ingress
  repository: https://app.getambassador.io
  version: 8.12.2
- name: keycloak
  repository: https://charts.bitnami.com/bitnami
  version: 25.2.0
- name: sealed-secrets
  repository: https://bitnami-labs.github.io/sealed-secrets
  version: 2.18.5
- name: service
  repository: file://charts/service
  version: 0.1.0
- name: service
  repository: file://charts/service
  version: 0.1.0
- name: service
  repository: file://charts/service
  version: 0.1.0
- name: service
  repository: file://charts/service
  version: 0.1.0
- name: service
  repository: file://charts/service
  version: 0.1.0
- name: service
  repository: file://charts/service
  version: 0.1.0
- name: service
  repository: file://charts/service
  version: 0.1.0
- name: service
  repository: file://charts/service
  version: 0.1.0
- name: service
  repository: file://charts/service
  version: 0.1.0
- name: service
  repository: file://charts/service
  version: 0.1.0
- name: service
  repository: file://charts/service
  version: 0.1.0
- name: service
  repository: file://charts/service
  version: 0.1.0
- name: service
  repository: file://charts/service
  version: 0.1.0
- name: service
  repository: file://charts/service
  version: 0.1.0
- name: service
  repository: file://charts/service
  version: 0.1.0
- name: service
  repository: file://charts/service
  version: 0.1.0
- name: service
  repository: file://charts/service
  version: 0.1.0
- name: service
  repository: file://charts/service
  version: 0.1.0
- name: service
  repository: file://charts/service
  version: 0.1.0
- name: service
  repository: file://charts/service
  version: 0.1.0
- name: service
  repository: file://charts/service
  version: 0.1.0
- name: service
  repository: file://charts/service
  version: 0.1.0
- name: service
  repository: file://charts/service
  version: 0.1.0
- name: service
  repository: file://charts/service
  version: 0.1.0
- name: service
  repository: file://charts/service
  version: 0.1.0
- name: service
  repository: file://charts/service
  version: 0.1.0
- name: service
  repository: file://charts/service
  version: 0.1.0
- name: service
  repository: file://charts/service
  version: 0.1.0
digest: sha256:c2890d4c82224379a897ee2f0b0ac31ec05054c7262b6563e9b669ea7733b7f7
generated: "2026-05-31T22:03:27.663597-07:00"
